// !$*UTF8*$!
{
	archiveVersion = 1;
	classes = {
	};
	objectVersion = 46;
	objects = {

/* Begin PBXBuildFile section */
		02395F76A14F0329630B8DAB /* libPods-HKPuzzleExperiment.a in Frameworks */ = {isa = PBXBuildFile; fileRef = A1F408DA7BA5AEF5FEB1042B /* libPods-HKPuzzleExperiment.a */; };
		771585AE1F389BCC00675324 /* HKViewController.m in Sources */ = {isa = PBXBuildFile; fileRef = 771585AC1F389BCC00675324 /* HKViewController.m */; };
		771585B21F389C6700675324 /* HKBaseJSONModel.m in Sources */ = {isa = PBXBuildFile; fileRef = 771585B11F389C6700675324 /* HKBaseJSONModel.m */; };
		779D530B1F36999000E1AFF9 /* main.m in Sources */ = {isa = PBXBuildFile; fileRef = 779D530A1F36999000E1AFF9 /* main.m */; };
		779D530E1F36999000E1AFF9 /* AppDelegate.m in Sources */ = {isa = PBXBuildFile; fileRef = 779D530D1F36999000E1AFF9 /* AppDelegate.m */; };
		779D53111F36999000E1AFF9 /* ViewController.m in Sources */ = {isa = PBXBuildFile; fileRef = 779D53101F36999000E1AFF9 /* ViewController.m */; };
		779D53141F36999000E1AFF9 /* Main.storyboard in Resources */ = {isa = PBXBuildFile; fileRef = 779D53121F36999000E1AFF9 /* Main.storyboard */; };
		779D53161F36999000E1AFF9 /* Assets.xcassets in Resources */ = {isa = PBXBuildFile; fileRef = 779D53151F36999000E1AFF9 /* Assets.xcassets */; };
		779D53191F36999000E1AFF9 /* LaunchScreen.storyboard in Resources */ = {isa = PBXBuildFile; fileRef = 779D53171F36999000E1AFF9 /* LaunchScreen.storyboard */; };
		779D53241F36999000E1AFF9 /* HKPuzzleExperimentTests.m in Sources */ = {isa = PBXBuildFile; fileRef = 779D53231F36999000E1AFF9 /* HKPuzzleExperimentTests.m */; };
		779D532F1F36999000E1AFF9 /* HKPuzzleExperimentUITests.m in Sources */ = {isa = PBXBuildFile; fileRef = 779D532E1F36999000E1AFF9 /* HKPuzzleExperimentUITests.m */; };
		77B223521F36FEC6001A118A /* HKPuzzlePhoto.m in Sources */ = {isa = PBXBuildFile; fileRef = 77B223401F36FEC6001A118A /* HKPuzzlePhoto.m */; };
		77B2236C1F372FE3001A118A /* HKPuzzleController.m in Sources */ = {isa = PBXBuildFile; fileRef = 77B223671F372FE3001A118A /* HKPuzzleController.m */; };
		77B2236D1F372FE3001A118A /* HKPuzzleControllerA.m in Sources */ = {isa = PBXBuildFile; fileRef = 77B223691F372FE3001A118A /* HKPuzzleControllerA.m */; };
		77B2236E1F372FE3001A118A /* HKPuzzleControllerB.m in Sources */ = {isa = PBXBuildFile; fileRef = 77B2236B1F372FE3001A118A /* HKPuzzleControllerB.m */; };
		77B223711F37300C001A118A /* HKPuzzleChildController.m in Sources */ = {isa = PBXBuildFile; fileRef = 77B223701F37300C001A118A /* HKPuzzleChildController.m */; };
		77B223841F374337001A118A /* HKPuzzle2ImgsView.m in Sources */ = {isa = PBXBuildFile; fileRef = 77B223771F374337001A118A /* HKPuzzle2ImgsView.m */; };
		77B223851F374337001A118A /* HKPuzzle4Imgs1View.m in Sources */ = {isa = PBXBuildFile; fileRef = 77B223791F374337001A118A /* HKPuzzle4Imgs1View.m */; };
		77B223861F374337001A118A /* HKPuzzle4Imgs2View.m in Sources */ = {isa = PBXBuildFile; fileRef = 77B2237B1F374337001A118A /* HKPuzzle4Imgs2View.m */; };
		77B223871F374337001A118A /* HKPuzzle6ImgsView.m in Sources */ = {isa = PBXBuildFile; fileRef = 77B2237D1F374337001A118A /* HKPuzzle6ImgsView.m */; };
		77B223881F374337001A118A /* HKPuzzle8ImgsView.m in Sources */ = {isa = PBXBuildFile; fileRef = 77B2237F1F374337001A118A /* HKPuzzle8ImgsView.m */; };
		77B223891F374337001A118A /* HKPuzzleView.m in Sources */ = {isa = PBXBuildFile; fileRef = 77B223811F374337001A118A /* HKPuzzleView.m */; };
		77B2238A1F374337001A118A /* HKPuzzleViewFactory.m in Sources */ = {isa = PBXBuildFile; fileRef = 77B223831F374337001A118A /* HKPuzzleViewFactory.m */; };
		77B2238D1F37434F001A118A /* HKPuzzleBtn.m in Sources */ = {isa = PBXBuildFile; fileRef = 77B2238C1F37434F001A118A /* HKPuzzleBtn.m */; };
		77DC46181F39C65C009DB1FD /* HKClipperHelper.m in Sources */ = {isa = PBXBuildFile; fileRef = 77DC46151F39C65C009DB1FD /* HKClipperHelper.m */; };
		77DC46191F39C65C009DB1FD /* HKImageClipperViewController.m in Sources */ = {isa = PBXBuildFile; fileRef = 77DC46171F39C65C009DB1FD /* HKImageClipperViewController.m */; };
		77E5AB551F3AA35D00F6A0D9 /* HKNavigationController.m in Sources */ = {isa = PBXBuildFile; fileRef = 77E5AB541F3AA35D00F6A0D9 /* HKNavigationController.m */; };
		77E5AB6C1F3AA3B100F6A0D9 /* UIBarButtonItem+HKExtends.m in Sources */ = {isa = PBXBuildFile; fileRef = 77E5AB631F3AA3B100F6A0D9 /* UIBarButtonItem+HKExtends.m */; };
		77E5AB6D1F3AA3B100F6A0D9 /* UIColor+HKExtends.m in Sources */ = {isa = PBXBuildFile; fileRef = 77E5AB651F3AA3B100F6A0D9 /* UIColor+HKExtends.m */; };
		77E5AB6E1F3AA3B100F6A0D9 /* UIImage+HKExtends.m in Sources */ = {isa = PBXBuildFile; fileRef = 77E5AB671F3AA3B100F6A0D9 /* UIImage+HKExtends.m */; };
		77E5AB6F1F3AA3B100F6A0D9 /* UINavigationController+HKExtends.m in Sources */ = {isa = PBXBuildFile; fileRef = 77E5AB691F3AA3B100F6A0D9 /* UINavigationController+HKExtends.m */; };
		77E5AB701F3AA3B100F6A0D9 /* UIView+HKExtension.m in Sources */ = {isa = PBXBuildFile; fileRef = 77E5AB6B1F3AA3B100F6A0D9 /* UIView+HKExtension.m */; };
		77FEF6771F39C9F100B2C360 /* HKParentController.m in Sources */ = {isa = PBXBuildFile; fileRef = 77FEF6761F39C9F100B2C360 /* HKParentController.m */; };
/* End PBXBuildFile section */

/* Begin PBXContainerItemProxy section */
		779D53201F36999000E1AFF9 /* PBXContainerItemProxy */ = {
			isa = PBXContainerItemProxy;
			containerPortal = 779D52FE1F36999000E1AFF9 /* Project object */;
			proxyType = 1;
			remoteGlobalIDString = 779D53051F36999000E1AFF9;
			remoteInfo = HKPuzzleExperiment;
		};
		779D532B1F36999000E1AFF9 /* PBXContainerItemProxy */ = {
			isa = PBXContainerItemProxy;
			containerPortal = 779D52FE1F36999000E1AFF9 /* Project object */;
			proxyType = 1;
			remoteGlobalIDString = 779D53051F36999000E1AFF9;
			remoteInfo = HKPuzzleExperiment;
		};
/* End PBXContainerItemProxy section */

/* Begin PBXFileReference section */
		623ECCD3AB2FBFD142426AED /* Pods-HKPuzzleExperiment.debug.xcconfig */ = {isa = PBXFileReference; includeInIndex = 1; lastKnownFileType = text.xcconfig; name = "Pods-HKPuzzleExperiment.debug.xcconfig"; path = "Pods/Target Support Files/Pods-HKPuzzleExperiment/Pods-HKPuzzleExperiment.debug.xcconfig"; sourceTree = "<group>"; };
		7715859A1F38729300675324 /* HKMarco.h */ = {isa = PBXFileReference; lastKnownFileType = sourcecode.c.h; path = HKMarco.h; sourceTree = "<group>"; };
		771585AB1F389BCC00675324 /* HKViewController.h */ = {isa = PBXFileReference; fileEncoding = 4; lastKnownFileType = sourcecode.c.h; path = HKViewController.h; sourceTree = "<group>"; };
		771585AC1F389BCC00675324 /* HKViewController.m */ = {isa = PBXFileReference; fileEncoding = 4; lastKnownFileType = sourcecode.c.objc; path = HKViewController.m; sourceTree = "<group>"; };
		771585B01F389C6700675324 /* HKBaseJSONModel.h */ = {isa = PBXFileReference; fileEncoding = 4; lastKnownFileType = sourcecode.c.h; path = HKBaseJSONModel.h; sourceTree = "<group>"; };
		771585B11F389C6700675324 /* HKBaseJSONModel.m */ = {isa = PBXFileReference; fileEncoding = 4; lastKnownFileType = sourcecode.c.objc; path = HKBaseJSONModel.m; sourceTree = "<group>"; };
		779D53061F36999000E1AFF9 /* HKPuzzleExperiment.app */ = {isa = PBXFileReference; explicitFileType = wrapper.application; includeInIndex = 0; path = HKPuzzleExperiment.app; sourceTree = BUILT_PRODUCTS_DIR; };
		779D530A1F36999000E1AFF9 /* main.m */ = {isa = PBXFileReference; lastKnownFileType = sourcecode.c.objc; path = main.m; sourceTree = "<group>"; };
		779D530C1F36999000E1AFF9 /* AppDelegate.h */ = {isa = PBXFileReference; lastKnownFileType = sourcecode.c.h; path = AppDelegate.h; sourceTree = "<group>"; };
		779D530D1F36999000E1AFF9 /* AppDelegate.m */ = {isa = PBXFileReference; lastKnownFileType = sourcecode.c.objc; path = AppDelegate.m; sourceTree = "<group>"; };
		779D530F1F36999000E1AFF9 /* ViewController.h */ = {isa = PBXFileReference; lastKnownFileType = sourcecode.c.h; path = ViewController.h; sourceTree = "<group>"; };
		779D53101F36999000E1AFF9 /* ViewController.m */ = {isa = PBXFileReference; lastKnownFileType = sourcecode.c.objc; path = ViewController.m; sourceTree = "<group>"; };
		779D53131F36999000E1AFF9 /* Base */ = {isa = PBXFileReference; lastKnownFileType = file.storyboard; name = Base; path = Base.lproj/Main.storyboard; sourceTree = "<group>"; };
		779D53151F36999000E1AFF9 /* Assets.xcassets */ = {isa = PBXFileReference; lastKnownFileType = folder.assetcatalog; path = Assets.xcassets; sourceTree = "<group>"; };
		779D53181F36999000E1AFF9 /* Base */ = {isa = PBXFileReference; lastKnownFileType = file.storyboard; name = Base; path = Base.lproj/LaunchScreen.storyboard; sourceTree = "<group>"; };
		779D531A1F36999000E1AFF9 /* Info.plist */ = {isa = PBXFileReference; lastKnownFileType = text.plist.xml; path = Info.plist; sourceTree = "<group>"; };
		779D531F1F36999000E1AFF9 /* HKPuzzleExperimentTests.xctest */ = {isa = PBXFileReference; explicitFileType = wrapper.cfbundle; includeInIndex = 0; path = HKPuzzleExperimentTests.xctest; sourceTree = BUILT_PRODUCTS_DIR; };
		779D53231F36999000E1AFF9 /* HKPuzzleExperimentTests.m */ = {isa = PBXFileReference; lastKnownFileType = sourcecode.c.objc; path = HKPuzzleExperimentTests.m; sourceTree = "<group>"; };
		779D53251F36999000E1AFF9 /* Info.plist */ = {isa = PBXFileReference; lastKnownFileType = text.plist.xml; path = Info.plist; sourceTree = "<group>"; };
		779D532A1F36999000E1AFF9 /* HKPuzzleExperimentUITests.xctest */ = {isa = PBXFileReference; explicitFileType = wrapper.cfbundle; includeInIndex = 0; path = HKPuzzleExperimentUITests.xctest; sourceTree = BUILT_PRODUCTS_DIR; };
		779D532E1F36999000E1AFF9 /* HKPuzzleExperimentUITests.m */ = {isa = PBXFileReference; lastKnownFileType = sourcecode.c.objc; path = HKPuzzleExperimentUITests.m; sourceTree = "<group>"; };
		779D53301F36999000E1AFF9 /* Info.plist */ = {isa = PBXFileReference; lastKnownFileType = text.plist.xml; path = Info.plist; sourceTree = "<group>"; };
		77B2233F1F36FEC6001A118A /* HKPuzzlePhoto.h */ = {isa = PBXFileReference; fileEncoding = 4; lastKnownFileType = sourcecode.c.h; path = HKPuzzlePhoto.h; sourceTree = "<group>"; };
		77B223401F36FEC6001A118A /* HKPuzzlePhoto.m */ = {isa = PBXFileReference; fileEncoding = 4; lastKnownFileType = sourcecode.c.objc; path = HKPuzzlePhoto.m; sourceTree = "<group>"; };
		77B223661F372FE3001A118A /* HKPuzzleController.h */ = {isa = PBXFileReference; fileEncoding = 4; lastKnownFileType = sourcecode.c.h; path = HKPuzzleController.h; sourceTree = "<group>"; };
		77B223671F372FE3001A118A /* HKPuzzleController.m */ = {isa = PBXFileReference; fileEncoding = 4; lastKnownFileType = sourcecode.c.objc; path = HKPuzzleController.m; sourceTree = "<group>"; };
		77B223681F372FE3001A118A /* HKPuzzleControllerA.h */ = {isa = PBXFileReference; fileEncoding = 4; lastKnownFileType = sourcecode.c.h; path = HKPuzzleControllerA.h; sourceTree = "<group>"; };
		77B223691F372FE3001A118A /* HKPuzzleControllerA.m */ = {isa = PBXFileReference; fileEncoding = 4; lastKnownFileType = sourcecode.c.objc; path = HKPuzzleControllerA.m; sourceTree = "<group>"; };
		77B2236A1F372FE3001A118A /* HKPuzzleControllerB.h */ = {isa = PBXFileReference; fileEncoding = 4; lastKnownFileType = sourcecode.c.h; path = HKPuzzleControllerB.h; sourceTree = "<group>"; };
		77B2236B1F372FE3001A118A /* HKPuzzleControllerB.m */ = {isa = PBXFileReference; fileEncoding = 4; lastKnownFileType = sourcecode.c.objc; path = HKPuzzleControllerB.m; sourceTree = "<group>"; };
		77B2236F1F37300C001A118A /* HKPuzzleChildController.h */ = {isa = PBXFileReference; fileEncoding = 4; lastKnownFileType = sourcecode.c.h; path = HKPuzzleChildController.h; sourceTree = "<group>"; };
		77B223701F37300C001A118A /* HKPuzzleChildController.m */ = {isa = PBXFileReference; fileEncoding = 4; lastKnownFileType = sourcecode.c.objc; path = HKPuzzleChildController.m; sourceTree = "<group>"; };
		77B223731F373C28001A118A /* HKPuzzleConfiger.h */ = {isa = PBXFileReference; lastKnownFileType = sourcecode.c.h; path = HKPuzzleConfiger.h; sourceTree = "<group>"; };
		77B223761F374337001A118A /* HKPuzzle2ImgsView.h */ = {isa = PBXFileReference; fileEncoding = 4; lastKnownFileType = sourcecode.c.h; path = HKPuzzle2ImgsView.h; sourceTree = "<group>"; };
		77B223771F374337001A118A /* HKPuzzle2ImgsView.m */ = {isa = PBXFileReference; fileEncoding = 4; lastKnownFileType = sourcecode.c.objc; path = HKPuzzle2ImgsView.m; sourceTree = "<group>"; };
		77B223781F374337001A118A /* HKPuzzle4Imgs1View.h */ = {isa = PBXFileReference; fileEncoding = 4; lastKnownFileType = sourcecode.c.h; path = HKPuzzle4Imgs1View.h; sourceTree = "<group>"; };
		77B223791F374337001A118A /* HKPuzzle4Imgs1View.m */ = {isa = PBXFileReference; fileEncoding = 4; lastKnownFileType = sourcecode.c.objc; path = HKPuzzle4Imgs1View.m; sourceTree = "<group>"; };
		77B2237A1F374337001A118A /* HKPuzzle4Imgs2View.h */ = {isa = PBXFileReference; fileEncoding = 4; lastKnownFileType = sourcecode.c.h; path = HKPuzzle4Imgs2View.h; sourceTree = "<group>"; };
		77B2237B1F374337001A118A /* HKPuzzle4Imgs2View.m */ = {isa = PBXFileReference; fileEncoding = 4; lastKnownFileType = sourcecode.c.objc; path = HKPuzzle4Imgs2View.m; sourceTree = "<group>"; };
		77B2237C1F374337001A118A /* HKPuzzle6ImgsView.h */ = {isa = PBXFileReference; fileEncoding = 4; lastKnownFileType = sourcecode.c.h; path = HKPuzzle6ImgsView.h; sourceTree = "<group>"; };
		77B2237D1F374337001A118A /* HKPuzzle6ImgsView.m */ = {isa = PBXFileReference; fileEncoding = 4; lastKnownFileType = sourcecode.c.objc; path = HKPuzzle6ImgsView.m; sourceTree = "<group>"; };
		77B2237E1F374337001A118A /* HKPuzzle8ImgsView.h */ = {isa = PBXFileReference; fileEncoding = 4; lastKnownFileType = sourcecode.c.h; path = HKPuzzle8ImgsView.h; sourceTree = "<group>"; };
		77B2237F1F374337001A118A /* HKPuzzle8ImgsView.m */ = {isa = PBXFileReference; fileEncoding = 4; lastKnownFileType = sourcecode.c.objc; path = HKPuzzle8ImgsView.m; sourceTree = "<group>"; };
		77B223801F374337001A118A /* HKPuzzleView.h */ = {isa = PBXFileReference; fileEncoding = 4; lastKnownFileType = sourcecode.c.h; path = HKPuzzleView.h; sourceTree = "<group>"; };
		77B223811F374337001A118A /* HKPuzzleView.m */ = {isa = PBXFileReference; fileEncoding = 4; lastKnownFileType = sourcecode.c.objc; path = HKPuzzleView.m; sourceTree = "<group>"; };
		77B223821F374337001A118A /* HKPuzzleViewFactory.h */ = {isa = PBXFileReference; fileEncoding = 4; lastKnownFileType = sourcecode.c.h; path = HKPuzzleViewFactory.h; sourceTree = "<group>"; };
		77B223831F374337001A118A /* HKPuzzleViewFactory.m */ = {isa = PBXFileReference; fileEncoding = 4; lastKnownFileType = sourcecode.c.objc; path = HKPuzzleViewFactory.m; sourceTree = "<group>"; };
		77B2238B1F37434F001A118A /* HKPuzzleBtn.h */ = {isa = PBXFileReference; fileEncoding = 4; lastKnownFileType = sourcecode.c.h; path = HKPuzzleBtn.h; sourceTree = "<group>"; };
		77B2238C1F37434F001A118A /* HKPuzzleBtn.m */ = {isa = PBXFileReference; fileEncoding = 4; lastKnownFileType = sourcecode.c.objc; path = HKPuzzleBtn.m; sourceTree = "<group>"; };
		77DC46141F39C65C009DB1FD /* HKClipperHelper.h */ = {isa = PBXFileReference; fileEncoding = 4; lastKnownFileType = sourcecode.c.h; path = HKClipperHelper.h; sourceTree = "<group>"; };
		77DC46151F39C65C009DB1FD /* HKClipperHelper.m */ = {isa = PBXFileReference; fileEncoding = 4; lastKnownFileType = sourcecode.c.objc; path = HKClipperHelper.m; sourceTree = "<group>"; };
		77DC46161F39C65C009DB1FD /* HKImageClipperViewController.h */ = {isa = PBXFileReference; fileEncoding = 4; lastKnownFileType = sourcecode.c.h; path = HKImageClipperViewController.h; sourceTree = "<group>"; };
		77DC46171F39C65C009DB1FD /* HKImageClipperViewController.m */ = {isa = PBXFileReference; fileEncoding = 4; lastKnownFileType = sourcecode.c.objc; path = HKImageClipperViewController.m; sourceTree = "<group>"; };
		77E5AB531F3AA35D00F6A0D9 /* HKNavigationController.h */ = {isa = PBXFileReference; fileEncoding = 4; lastKnownFileType = sourcecode.c.h; path = HKNavigationController.h; sourceTree = "<group>"; };
		77E5AB541F3AA35D00F6A0D9 /* HKNavigationController.m */ = {isa = PBXFileReference; fileEncoding = 4; lastKnownFileType = sourcecode.c.objc; path = HKNavigationController.m; sourceTree = "<group>"; };
		77E5AB621F3AA3B100F6A0D9 /* UIBarButtonItem+HKExtends.h */ = {isa = PBXFileReference; fileEncoding = 4; lastKnownFileType = sourcecode.c.h; path = "UIBarButtonItem+HKExtends.h"; sourceTree = "<group>"; };
		77E5AB631F3AA3B100F6A0D9 /* UIBarButtonItem+HKExtends.m */ = {isa = PBXFileReference; fileEncoding = 4; lastKnownFileType = sourcecode.c.objc; path = "UIBarButtonItem+HKExtends.m"; sourceTree = "<group>"; };
		77E5AB641F3AA3B100F6A0D9 /* UIColor+HKExtends.h */ = {isa = PBXFileReference; fileEncoding = 4; lastKnownFileType = sourcecode.c.h; path = "UIColor+HKExtends.h"; sourceTree = "<group>"; };
		77E5AB651F3AA3B100F6A0D9 /* UIColor+HKExtends.m */ = {isa = PBXFileReference; fileEncoding = 4; lastKnownFileType = sourcecode.c.objc; path = "UIColor+HKExtends.m"; sourceTree = "<group>"; };
		77E5AB661F3AA3B100F6A0D9 /* UIImage+HKExtends.h */ = {isa = PBXFileReference; fileEncoding = 4; lastKnownFileType = sourcecode.c.h; path = "UIImage+HKExtends.h"; sourceTree = "<group>"; };
		77E5AB671F3AA3B100F6A0D9 /* UIImage+HKExtends.m */ = {isa = PBXFileReference; fileEncoding = 4; lastKnownFileType = sourcecode.c.objc; path = "UIImage+HKExtends.m"; sourceTree = "<group>"; };
		77E5AB681F3AA3B100F6A0D9 /* UINavigationController+HKExtends.h */ = {isa = PBXFileReference; fileEncoding = 4; lastKnownFileType = sourcecode.c.h; path = "UINavigationController+HKExtends.h"; sourceTree = "<group>"; };
		77E5AB691F3AA3B100F6A0D9 /* UINavigationController+HKExtends.m */ = {isa = PBXFileReference; fileEncoding = 4; lastKnownFileType = sourcecode.c.objc; path = "UINavigationController+HKExtends.m"; sourceTree = "<group>"; };
		77E5AB6A1F3AA3B100F6A0D9 /* UIView+HKExtension.h */ = {isa = PBXFileReference; fileEncoding = 4; lastKnownFileType = sourcecode.c.h; path = "UIView+HKExtension.h"; sourceTree = "<group>"; };
		77E5AB6B1F3AA3B100F6A0D9 /* UIView+HKExtension.m */ = {isa = PBXFileReference; fileEncoding = 4; lastKnownFileType = sourcecode.c.objc; path = "UIView+HKExtension.m"; sourceTree = "<group>"; };
		77FEF6751F39C9F100B2C360 /* HKParentController.h */ = {isa = PBXFileReference; fileEncoding = 4; lastKnownFileType = sourcecode.c.h; path = HKParentController.h; sourceTree = "<group>"; };
		77FEF6761F39C9F100B2C360 /* HKParentController.m */ = {isa = PBXFileReference; fileEncoding = 4; lastKnownFileType = sourcecode.c.objc; path = HKParentController.m; sourceTree = "<group>"; };
		87007B643EB5CA3E4AF25335 /* Pods-HKPuzzleExperiment.release.xcconfig */ = {isa = PBXFileReference; includeInIndex = 1; lastKnownFileType = text.xcconfig; name = "Pods-HKPuzzleExperiment.release.xcconfig"; path = "Pods/Target Support Files/Pods-HKPuzzleExperiment/Pods-HKPuzzleExperiment.release.xcconfig"; sourceTree = "<group>"; };
		A1F408DA7BA5AEF5FEB1042B /* libPods-HKPuzzleExperiment.a */ = {isa = PBXFileReference; explicitFileType = archive.ar; includeInIndex = 0; path = "libPods-HKPuzzleExperiment.a"; sourceTree = BUILT_PRODUCTS_DIR; };
/* End PBXFileReference section */

/* Begin PBXFrameworksBuildPhase section */
		779D53031F36999000E1AFF9 /* Frameworks */ = {
			isa = PBXFrameworksBuildPhase;
			buildActionMask = 2147483647;
			files = (
				02395F76A14F0329630B8DAB /* libPods-HKPuzzleExperiment.a in Frameworks */,
			);
			runOnlyForDeploymentPostprocessing = 0;
		};
		779D531C1F36999000E1AFF9 /* Frameworks */ = {
			isa = PBXFrameworksBuildPhase;
			buildActionMask = 2147483647;
			files = (
			);
			runOnlyForDeploymentPostprocessing = 0;
		};
		779D53271F36999000E1AFF9 /* Frameworks */ = {
			isa = PBXFrameworksBuildPhase;
			buildActionMask = 2147483647;
			files = (
			);
			runOnlyForDeploymentPostprocessing = 0;
		};
/* End PBXFrameworksBuildPhase section */

/* Begin PBXGroup section */
		18C71E188A0BDA2C0C77BB0E /* Frameworks */ = {
			isa = PBXGroup;
			children = (
				A1F408DA7BA5AEF5FEB1042B /* libPods-HKPuzzleExperiment.a */,
			);
			name = Frameworks;
			sourceTree = "<group>";
		};
		771585991F38728E00675324 /* General */ = {
			isa = PBXGroup;
			children = (
				7715859A1F38729300675324 /* HKMarco.h */,
				77FEF6741F39C9F100B2C360 /* HKParentController */,
				771585A81F389BCC00675324 /* HKViewController */,
				77E5AB521F3AA35D00F6A0D9 /* HKNavigationController */,
				77E5AB611F3AA3B100F6A0D9 /* HKExtends */,
				77DC46131F39C65C009DB1FD /* HKClipperHelper */,
				771585AF1F389C6700675324 /* HKBaseJSONModel */,
			);
			path = General;
			sourceTree = "<group>";
		};
		771585A81F389BCC00675324 /* HKViewController */ = {
			isa = PBXGroup;
			children = (
				771585AB1F389BCC00675324 /* HKViewController.h */,
				771585AC1F389BCC00675324 /* HKViewController.m */,
			);
			path = HKViewController;
			sourceTree = "<group>";
		};
		771585AF1F389C6700675324 /* HKBaseJSONModel */ = {
			isa = PBXGroup;
			children = (
				771585B01F389C6700675324 /* HKBaseJSONModel.h */,
				771585B11F389C6700675324 /* HKBaseJSONModel.m */,
			);
			path = HKBaseJSONModel;
			sourceTree = "<group>";
		};
		779D52FD1F36999000E1AFF9 = {
			isa = PBXGroup;
			children = (
				779D53081F36999000E1AFF9 /* HKPuzzleExperiment */,
				779D53221F36999000E1AFF9 /* HKPuzzleExperimentTests */,
				779D532D1F36999000E1AFF9 /* HKPuzzleExperimentUITests */,
				779D53071F36999000E1AFF9 /* Products */,
				D9FD6AEDEF0BA938217D8B45 /* Pods */,
				18C71E188A0BDA2C0C77BB0E /* Frameworks */,
			);
			sourceTree = "<group>";
		};
		779D53071F36999000E1AFF9 /* Products */ = {
			isa = PBXGroup;
			children = (
				779D53061F36999000E1AFF9 /* HKPuzzleExperiment.app */,
				779D531F1F36999000E1AFF9 /* HKPuzzleExperimentTests.xctest */,
				779D532A1F36999000E1AFF9 /* HKPuzzleExperimentUITests.xctest */,
			);
			name = Products;
			sourceTree = "<group>";
		};
		779D53081F36999000E1AFF9 /* HKPuzzleExperiment */ = {
			isa = PBXGroup;
			children = (
				771585991F38728E00675324 /* General */,
				77B223101F369B5F001A118A /* HKPuzzle */,
				779D530C1F36999000E1AFF9 /* AppDelegate.h */,
				779D530D1F36999000E1AFF9 /* AppDelegate.m */,
				779D530F1F36999000E1AFF9 /* ViewController.h */,
				779D53101F36999000E1AFF9 /* ViewController.m */,
				779D53091F36999000E1AFF9 /* Supporting Files */,
			);
			path = HKPuzzleExperiment;
			sourceTree = "<group>";
		};
		779D53091F36999000E1AFF9 /* Supporting Files */ = {
			isa = PBXGroup;
			children = (
				779D53121F36999000E1AFF9 /* Main.storyboard */,
				779D53151F36999000E1AFF9 /* Assets.xcassets */,
				779D53171F36999000E1AFF9 /* LaunchScreen.storyboard */,
				779D531A1F36999000E1AFF9 /* Info.plist */,
				779D530A1F36999000E1AFF9 /* main.m */,
			);
			name = "Supporting Files";
			sourceTree = "<group>";
		};
		779D53221F36999000E1AFF9 /* HKPuzzleExperimentTests */ = {
			isa = PBXGroup;
			children = (
				779D53231F36999000E1AFF9 /* HKPuzzleExperimentTests.m */,
				779D53251F36999000E1AFF9 /* Info.plist */,
			);
			path = HKPuzzleExperimentTests;
			sourceTree = "<group>";
		};
		779D532D1F36999000E1AFF9 /* HKPuzzleExperimentUITests */ = {
			isa = PBXGroup;
			children = (
				779D532E1F36999000E1AFF9 /* HKPuzzleExperimentUITests.m */,
				779D53301F36999000E1AFF9 /* Info.plist */,
			);
			path = HKPuzzleExperimentUITests;
			sourceTree = "<group>";
		};
		77B223101F369B5F001A118A /* HKPuzzle */ = {
			isa = PBXGroup;
			children = (
				77B223391F36FEC6001A118A /* HKPuzzleController */,
				77B2233E1F36FEC6001A118A /* HKPuzzleModel */,
				77B223411F36FEC6001A118A /* HKPuzzleView */,
			);
			path = HKPuzzle;
			sourceTree = "<group>";
		};
		77B223391F36FEC6001A118A /* HKPuzzleController */ = {
			isa = PBXGroup;
			children = (
				77B223641F372FE3001A118A /* Child */,
				77B223651F372FE3001A118A /* Parent */,
			);
			path = HKPuzzleController;
			sourceTree = "<group>";
		};
		77B2233E1F36FEC6001A118A /* HKPuzzleModel */ = {
			isa = PBXGroup;
			children = (
				77B2233F1F36FEC6001A118A /* HKPuzzlePhoto.h */,
				77B223401F36FEC6001A118A /* HKPuzzlePhoto.m */,
				77B223731F373C28001A118A /* HKPuzzleConfiger.h */,
			);
			path = HKPuzzleModel;
			sourceTree = "<group>";
		};
		77B223411F36FEC6001A118A /* HKPuzzleView */ = {
			isa = PBXGroup;
			children = (
				77B223741F374337001A118A /* PuzzleBtn */,
				77B223751F374337001A118A /* PuzzleView */,
			);
			path = HKPuzzleView;
			sourceTree = "<group>";
		};
		77B223641F372FE3001A118A /* Child */ = {
			isa = PBXGroup;
			children = (
				77B2236F1F37300C001A118A /* HKPuzzleChildController.h */,
				77B223701F37300C001A118A /* HKPuzzleChildController.m */,
			);
			path = Child;
			sourceTree = "<group>";
		};
		77B223651F372FE3001A118A /* Parent */ = {
			isa = PBXGroup;
			children = (
				77B223661F372FE3001A118A /* HKPuzzleController.h */,
				77B223671F372FE3001A118A /* HKPuzzleController.m */,
				77B223681F372FE3001A118A /* HKPuzzleControllerA.h */,
				77B223691F372FE3001A118A /* HKPuzzleControllerA.m */,
				77B2236A1F372FE3001A118A /* HKPuzzleControllerB.h */,
				77B2236B1F372FE3001A118A /* HKPuzzleControllerB.m */,
			);
			path = Parent;
			sourceTree = "<group>";
		};
		77B223741F374337001A118A /* PuzzleBtn */ = {
			isa = PBXGroup;
			children = (
				77B2238B1F37434F001A118A /* HKPuzzleBtn.h */,
				77B2238C1F37434F001A118A /* HKPuzzleBtn.m */,
			);
			path = PuzzleBtn;
			sourceTree = "<group>";
		};
		77B223751F374337001A118A /* PuzzleView */ = {
			isa = PBXGroup;
			children = (
				77B223801F374337001A118A /* HKPuzzleView.h */,
				77B223811F374337001A118A /* HKPuzzleView.m */,
				77B223821F374337001A118A /* HKPuzzleViewFactory.h */,
				77B223831F374337001A118A /* HKPuzzleViewFactory.m */,
				77B223761F374337001A118A /* HKPuzzle2ImgsView.h */,
				77B223771F374337001A118A /* HKPuzzle2ImgsView.m */,
				77B223781F374337001A118A /* HKPuzzle4Imgs1View.h */,
				77B223791F374337001A118A /* HKPuzzle4Imgs1View.m */,
				77B2237A1F374337001A118A /* HKPuzzle4Imgs2View.h */,
				77B2237B1F374337001A118A /* HKPuzzle4Imgs2View.m */,
				77B2237C1F374337001A118A /* HKPuzzle6ImgsView.h */,
				77B2237D1F374337001A118A /* HKPuzzle6ImgsView.m */,
				77B2237E1F374337001A118A /* HKPuzzle8ImgsView.h */,
				77B2237F1F374337001A118A /* HKPuzzle8ImgsView.m */,
			);
			path = PuzzleView;
			sourceTree = "<group>";
		};
		77DC46131F39C65C009DB1FD /* HKClipperHelper */ = {
			isa = PBXGroup;
			children = (
				77DC46141F39C65C009DB1FD /* HKClipperHelper.h */,
				77DC46151F39C65C009DB1FD /* HKClipperHelper.m */,
				77DC46161F39C65C009DB1FD /* HKImageClipperViewController.h */,
				77DC46171F39C65C009DB1FD /* HKImageClipperViewController.m */,
			);
			path = HKClipperHelper;
			sourceTree = "<group>";
		};
		77E5AB521F3AA35D00F6A0D9 /* HKNavigationController */ = {
			isa = PBXGroup;
			children = (
				77E5AB531F3AA35D00F6A0D9 /* HKNavigationController.h */,
				77E5AB541F3AA35D00F6A0D9 /* HKNavigationController.m */,
			);
			path = HKNavigationController;
			sourceTree = "<group>";
		};
		77E5AB611F3AA3B100F6A0D9 /* HKExtends */ = {
			isa = PBXGroup;
			children = (
				77E5AB621F3AA3B100F6A0D9 /* UIBarButtonItem+HKExtends.h */,
				77E5AB631F3AA3B100F6A0D9 /* UIBarButtonItem+HKExtends.m */,
				77E5AB641F3AA3B100F6A0D9 /* UIColor+HKExtends.h */,
				77E5AB651F3AA3B100F6A0D9 /* UIColor+HKExtends.m */,
				77E5AB661F3AA3B100F6A0D9 /* UIImage+HKExtends.h */,
				77E5AB671F3AA3B100F6A0D9 /* UIImage+HKExtends.m */,
				77E5AB681F3AA3B100F6A0D9 /* UINavigationController+HKExtends.h */,
				77E5AB691F3AA3B100F6A0D9 /* UINavigationController+HKExtends.m */,
				77E5AB6A1F3AA3B100F6A0D9 /* UIView+HKExtension.h */,
				77E5AB6B1F3AA3B100F6A0D9 /* UIView+HKExtension.m */,
			);
			path = HKExtends;
			sourceTree = "<group>";
		};
		77FEF6741F39C9F100B2C360 /* HKParentController */ = {
			isa = PBXGroup;
			children = (
				77FEF6751F39C9F100B2C360 /* HKParentController.h */,
				77FEF6761F39C9F100B2C360 /* HKParentController.m */,
			);
			path = HKParentController;
			sourceTree = "<group>";
		};
		D9FD6AEDEF0BA938217D8B45 /* Pods */ = {
			isa = PBXGroup;
			children = (
				623ECCD3AB2FBFD142426AED /* Pods-HKPuzzleExperiment.debug.xcconfig */,
				87007B643EB5CA3E4AF25335 /* Pods-HKPuzzleExperiment.release.xcconfig */,
			);
			name = Pods;
			sourceTree = "<group>";
		};
/* End PBXGroup section */

/* Begin PBXNativeTarget section */
		779D53051F36999000E1AFF9 /* HKPuzzleExperiment */ = {
			isa = PBXNativeTarget;
			buildConfigurationList = 779D53331F36999000E1AFF9 /* Build configuration list for PBXNativeTarget "HKPuzzleExperiment" */;
			buildPhases = (
				CC4EBE772954F2304BC74B04 /* [CP] Check Pods Manifest.lock */,
				779D53021F36999000E1AFF9 /* Sources */,
				779D53031F36999000E1AFF9 /* Frameworks */,
				779D53041F36999000E1AFF9 /* Resources */,
				42D5D5B2F8AB4D8E48D9313B /* [CP] Embed Pods Frameworks */,
				3FFAE434DFFB99F8D538BFDA /* [CP] Copy Pods Resources */,
			);
			buildRules = (
			);
			dependencies = (
			);
			name = HKPuzzleExperiment;
			productName = HKPuzzleExperiment;
			productReference = 779D53061F36999000E1AFF9 /* HKPuzzleExperiment.app */;
			productType = "com.apple.product-type.application";
		};
		779D531E1F36999000E1AFF9 /* HKPuzzleExperimentTests */ = {
			isa = PBXNativeTarget;
			buildConfigurationList = 779D53361F36999000E1AFF9 /* Build configuration list for PBXNativeTarget "HKPuzzleExperimentTests" */;
			buildPhases = (
				779D531B1F36999000E1AFF9 /* Sources */,
				779D531C1F36999000E1AFF9 /* Frameworks */,
				779D531D1F36999000E1AFF9 /* Resources */,
			);
			buildRules = (
			);
			dependencies = (
				779D53211F36999000E1AFF9 /* PBXTargetDependency */,
			);
			name = HKPuzzleExperimentTests;
			productName = HKPuzzleExperimentTests;
			productReference = 779D531F1F36999000E1AFF9 /* HKPuzzleExperimentTests.xctest */;
			productType = "com.apple.product-type.bundle.unit-test";
		};
		779D53291F36999000E1AFF9 /* HKPuzzleExperimentUITests */ = {
			isa = PBXNativeTarget;
			buildConfigurationList = 779D53391F36999000E1AFF9 /* Build configuration list for PBXNativeTarget "HKPuzzleExperimentUITests" */;
			buildPhases = (
				779D53261F36999000E1AFF9 /* Sources */,
				779D53271F36999000E1AFF9 /* Frameworks */,
				779D53281F36999000E1AFF9 /* Resources */,
			);
			buildRules = (
			);
			dependencies = (
				779D532C1F36999000E1AFF9 /* PBXTargetDependency */,
			);
			name = HKPuzzleExperimentUITests;
			productName = HKPuzzleExperimentUITests;
			productReference = 779D532A1F36999000E1AFF9 /* HKPuzzleExperimentUITests.xctest */;
			productType = "com.apple.product-type.bundle.ui-testing";
		};
/* End PBXNativeTarget section */

/* Begin PBXProject section */
		779D52FE1F36999000E1AFF9 /* Project object */ = {
			isa = PBXProject;
			attributes = {
				LastUpgradeCheck = 0830;
				ORGANIZATIONNAME = hky;
				TargetAttributes = {
					779D53051F36999000E1AFF9 = {
						CreatedOnToolsVersion = 8.3.3;
						DevelopmentTeam = 9J4879R6KM;
						ProvisioningStyle = Automatic;
					};
					779D531E1F36999000E1AFF9 = {
						CreatedOnToolsVersion = 8.3.3;
						DevelopmentTeam = 9J4879R6KM;
						ProvisioningStyle = Automatic;
						TestTargetID = 779D53051F36999000E1AFF9;
					};
					779D53291F36999000E1AFF9 = {
						CreatedOnToolsVersion = 8.3.3;
						DevelopmentTeam = 9J4879R6KM;
						ProvisioningStyle = Automatic;
						TestTargetID = 779D53051F36999000E1AFF9;
					};
				};
			};
			buildConfigurationList = 779D53011F36999000E1AFF9 /* Build configuration list for PBXProject "HKPuzzleExperiment" */;
			compatibilityVersion = "Xcode 3.2";
			developmentRegion = English;
			hasScannedForEncodings = 0;
			knownRegions = (
				en,
				Base,
			);
			mainGroup = 779D52FD1F36999000E1AFF9;
			productRefGroup = 779D53071F36999000E1AFF9 /* Products */;
			projectDirPath = "";
			projectRoot = "";
			targets = (
				779D53051F36999000E1AFF9 /* HKPuzzleExperiment */,
				779D531E1F36999000E1AFF9 /* HKPuzzleExperimentTests */,
				779D53291F36999000E1AFF9 /* HKPuzzleExperimentUITests */,
			);
		};
/* End PBXProject section */

/* Begin PBXResourcesBuildPhase section */
		779D53041F36999000E1AFF9 /* Resources */ = {
			isa = PBXResourcesBuildPhase;
			buildActionMask = 2147483647;
			files = (
				779D53191F36999000E1AFF9 /* LaunchScreen.storyboard in Resources */,
				779D53161F36999000E1AFF9 /* Assets.xcassets in Resources */,
				779D53141F36999000E1AFF9 /* Main.storyboard in Resources */,
			);
			runOnlyForDeploymentPostprocessing = 0;
		};
		779D531D1F36999000E1AFF9 /* Resources */ = {
			isa = PBXResourcesBuildPhase;
			buildActionMask = 2147483647;
			files = (
			);
			runOnlyForDeploymentPostprocessing = 0;
		};
		779D53281F36999000E1AFF9 /* Resources */ = {
			isa = PBXResourcesBuildPhase;
			buildActionMask = 2147483647;
			files = (
			);
			runOnlyForDeploymentPostprocessing = 0;
		};
/* End PBXResourcesBuildPhase section */

/* Begin PBXShellScriptBuildPhase section */
		3FFAE434DFFB99F8D538BFDA /* [CP] Copy Pods Resources */ = {
			isa = PBXShellScriptBuildPhase;
			buildActionMask = 2147483647;
			files = (
			);
			inputPaths = (
			);
			name = "[CP] Copy Pods Resources";
			outputPaths = (
			);
			runOnlyForDeploymentPostprocessing = 0;
			shellPath = /bin/sh;
			shellScript = "\"${SRCROOT}/Pods/Target Support Files/Pods-HKPuzzleExperiment/Pods-HKPuzzleExperiment-resources.sh\"\n";
			showEnvVarsInLog = 0;
		};
		42D5D5B2F8AB4D8E48D9313B /* [CP] Embed Pods Frameworks */ = {
			isa = PBXShellScriptBuildPhase;
			buildActionMask = 2147483647;
			files = (
			);
			inputPaths = (
			);
			name = "[CP] Embed Pods Frameworks";
			outputPaths = (
			);
			runOnlyForDeploymentPostprocessing = 0;
			shellPath = /bin/sh;
			shellScript = "\"${SRCROOT}/Pods/Target Support Files/Pods-HKPuzzleExperiment/Pods-HKPuzzleExperiment-frameworks.sh\"\n";
			showEnvVarsInLog = 0;
		};
		CC4EBE772954F2304BC74B04 /* [CP] Check Pods Manifest.lock */ = {
			isa = PBXShellScriptBuildPhase;
			buildActionMask = 2147483647;
			files = (
			);
			inputPaths = (
			);
			name = "[CP] Check Pods Manifest.lock";
			outputPaths = (
			);
			runOnlyForDeploymentPostprocessing = 0;
			shellPath = /bin/sh;
			shellScript = "diff \"${PODS_ROOT}/../Podfile.lock\" \"${PODS_ROOT}/Manifest.lock\" > /dev/null\nif [ $? != 0 ] ; then\n    # print error to STDERR\n    echo \"error: The sandbox is not in sync with the Podfile.lock. Run 'pod install' or update your CocoaPods installation.\" >&2\n    exit 1\nfi\n";
			showEnvVarsInLog = 0;
		};
/* End PBXShellScriptBuildPhase section */

/* Begin PBXSourcesBuildPhase section */
		779D53021F36999000E1AFF9 /* Sources */ = {
			isa = PBXSourcesBuildPhase;
			buildActionMask = 2147483647;
			files = (
				77B2238A1F374337001A118A /* HKPuzzleViewFactory.m in Sources */,
				77B223891F374337001A118A /* HKPuzzleView.m in Sources */,
				779D53111F36999000E1AFF9 /* ViewController.m in Sources */,
				77DC46191F39C65C009DB1FD /* HKImageClipperViewController.m in Sources */,
				77B223521F36FEC6001A118A /* HKPuzzlePhoto.m in Sources */,
				77B2236E1F372FE3001A118A /* HKPuzzleControllerB.m in Sources */,
				77E5AB6E1F3AA3B100F6A0D9 /* UIImage+HKExtends.m in Sources */,
				77B2238D1F37434F001A118A /* HKPuzzleBtn.m in Sources */,
				77B223871F374337001A118A /* HKPuzzle6ImgsView.m in Sources */,
				77B223851F374337001A118A /* HKPuzzle4Imgs1View.m in Sources */,
				779D530E1F36999000E1AFF9 /* AppDelegate.m in Sources */,
				77E5AB551F3AA35D00F6A0D9 /* HKNavigationController.m in Sources */,
				77B223861F374337001A118A /* HKPuzzle4Imgs2View.m in Sources */,
				77B223841F374337001A118A /* HKPuzzle2ImgsView.m in Sources */,
				77B223881F374337001A118A /* HKPuzzle8ImgsView.m in Sources */,
				77E5AB701F3AA3B100F6A0D9 /* UIView+HKExtension.m in Sources */,
				77E5AB6C1F3AA3B100F6A0D9 /* UIBarButtonItem+HKExtends.m in Sources */,
				771585AE1F389BCC00675324 /* HKViewController.m in Sources */,
				77B223711F37300C001A118A /* HKPuzzleChildController.m in Sources */,
				77FEF6771F39C9F100B2C360 /* HKParentController.m in Sources */,
				77B2236D1F372FE3001A118A /* HKPuzzleControllerA.m in Sources */,
				771585B21F389C6700675324 /* HKBaseJSONModel.m in Sources */,
				77E5AB6D1F3AA3B100F6A0D9 /* UIColor+HKExtends.m in Sources */,
				77E5AB6F1F3AA3B100F6A0D9 /* UINavigationController+HKExtends.m in Sources */,
				77B2236C1F372FE3001A118A /* HKPuzzleController.m in Sources */,
				77DC46181F39C65C009DB1FD /* HKClipperHelper.m in Sources */,
				779D530B1F36999000E1AFF9 /* main.m in Sources */,
			);
			runOnlyForDeploymentPostprocessing = 0;
		};
		779D531B1F36999000E1AFF9 /* Sources */ = {
			isa = PBXSourcesBuildPhase;
			buildActionMask = 2147483647;
			files = (
				779D53241F36999000E1AFF9 /* HKPuzzleExperimentTests.m in Sources */,
			);
			runOnlyForDeploymentPostprocessing = 0;
		};
		779D53261F36999000E1AFF9 /* Sources */ = {
			isa = PBXSourcesBuildPhase;
			buildActionMask = 2147483647;
			files = (
				779D532F1F36999000E1AFF9 /* HKPuzzleExperimentUITests.m in Sources */,
			);
			runOnlyForDeploymentPostprocessing = 0;
		};
/* End PBXSourcesBuildPhase section */

/* Begin PBXTargetDependency section */
		779D53211F36999000E1AFF9 /* PBXTargetDependency */ = {
			isa = PBXTargetDependency;
			target = 779D53051F36999000E1AFF9 /* HKPuzzleExperiment */;
			targetProxy = 779D53201F36999000E1AFF9 /* PBXContainerItemProxy */;
		};
		779D532C1F36999000E1AFF9 /* PBXTargetDependency */ = {
			isa = PBXTargetDependency;
			target = 779D53051F36999000E1AFF9 /* HKPuzzleExperiment */;
			targetProxy = 779D532B1F36999000E1AFF9 /* PBXContainerItemProxy */;
		};
/* End PBXTargetDependency section */

/* Begin PBXVariantGroup section */
		779D53121F36999000E1AFF9 /* Main.storyboard */ = {
			isa = PBXVariantGroup;
			children = (
				779D53131F36999000E1AFF9 /* Base */,
			);
			name = Main.storyboard;
			sourceTree = "<group>";
		};
		779D53171F36999000E1AFF9 /* LaunchScreen.storyboard */ = {
			isa = PBXVariantGroup;
			children = (
				779D53181F36999000E1AFF9 /* Base */,
			);
			name = LaunchScreen.storyboard;
			sourceTree = "<group>";
		};
/* End PBXVariantGroup section */

/* Begin XCBuildConfiguration section */
		779D53311F36999000E1AFF9 /* Debug */ = {
			isa = XCBuildConfiguration;
			buildSettings = {
				ALWAYS_SEARCH_USER_PATHS = NO;
				CLANG_ANALYZER_NONNULL = YES;
				CLANG_ANALYZER_NUMBER_OBJECT_CONVERSION = YES_AGGRESSIVE;
				CLANG_CXX_LANGUAGE_STANDARD = "gnu++0x";
				CLANG_CXX_LIBRARY = "libc++";
				CLANG_ENABLE_MODULES = YES;
				CLANG_ENABLE_OBJC_ARC = YES;
				CLANG_WARN_BOOL_CONVERSION = YES;
				CLANG_WARN_CONSTANT_CONVERSION = YES;
				CLANG_WARN_DIRECT_OBJC_ISA_USAGE = YES_ERROR;
				CLANG_WARN_DOCUMENTATION_COMMENTS = YES;
				CLANG_WARN_EMPTY_BODY = YES;
				CLANG_WARN_ENUM_CONVERSION = YES;
				CLANG_WARN_INFINITE_RECURSION = YES;
				CLANG_WARN_INT_CONVERSION = YES;
				CLANG_WARN_OBJC_ROOT_CLASS = YES_ERROR;
				CLANG_WARN_SUSPICIOUS_MOVE = YES;
				CLANG_WARN_UNREACHABLE_CODE = YES;
				CLANG_WARN__DUPLICATE_METHOD_MATCH = YES;
				"CODE_SIGN_IDENTITY[sdk=iphoneos*]" = "iPhone Developer";
				COPY_PHASE_STRIP = NO;
				DEBUG_INFORMATION_FORMAT = dwarf;
				ENABLE_STRICT_OBJC_MSGSEND = YES;
				ENABLE_TESTABILITY = YES;
				GCC_C_LANGUAGE_STANDARD = gnu99;
				GCC_DYNAMIC_NO_PIC = NO;
				GCC_NO_COMMON_BLOCKS = YES;
				GCC_OPTIMIZATION_LEVEL = 0;
				GCC_PREPROCESSOR_DEFINITIONS = (
					"DEBUG=1",
					"$(inherited)",
				);
				GCC_WARN_64_TO_32_BIT_CONVERSION = YES;
				GCC_WARN_ABOUT_RETURN_TYPE = YES_ERROR;
				GCC_WARN_UNDECLARED_SELECTOR = YES;
				GCC_WARN_UNINITIALIZED_AUTOS = YES_AGGRESSIVE;
				GCC_WARN_UNUSED_FUNCTION = YES;
				GCC_WARN_UNUSED_VARIABLE = YES;
				IPHONEOS_DEPLOYMENT_TARGET = 10.3;
				MTL_ENABLE_DEBUG_INFO = YES;
				ONLY_ACTIVE_ARCH = YES;
				SDKROOT = iphoneos;
			};
			name = Debug;
		};
		779D53321F36999000E1AFF9 /* Release */ = {
			isa = XCBuildConfiguration;
			buildSettings = {
				ALWAYS_SEARCH_USER_PATHS = NO;
				CLANG_ANALYZER_NONNULL = YES;
				CLANG_ANALYZER_NUMBER_OBJECT_CONVERSION = YES_AGGRESSIVE;
				CLANG_CXX_LANGUAGE_STANDARD = "gnu++0x";
				CLANG_CXX_LIBRARY = "libc++";
				CLANG_ENABLE_MODULES = YES;
				CLANG_ENABLE_OBJC_ARC = YES;
				CLANG_WARN_BOOL_CONVERSION = YES;
				CLANG_WARN_CONSTANT_CONVERSION = YES;
				CLANG_WARN_DIRECT_OBJC_ISA_USAGE = YES_ERROR;
				CLANG_WARN_DOCUMENTATION_COMMENTS = YES;
				CLANG_WARN_EMPTY_BODY = YES;
				CLANG_WARN_ENUM_CONVERSION = YES;
				CLANG_WARN_INFINITE_RECURSION = YES;
				CLANG_WARN_INT_CONVERSION = YES;
				CLANG_WARN_OBJC_ROOT_CLASS = YES_ERROR;
				CLANG_WARN_SUSPICIOUS_MOVE = YES;
				CLANG_WARN_UNREACHABLE_CODE = YES;
				CLANG_WARN__DUPLICATE_METHOD_MATCH = YES;
				"CODE_SIGN_IDENTITY[sdk=iphoneos*]" = "iPhone Developer";
				COPY_PHASE_STRIP = NO;
				DEBUG_INFORMATION_FORMAT = "dwarf-with-dsym";
				ENABLE_NS_ASSERTIONS = NO;
				ENABLE_STRICT_OBJC_MSGSEND = YES;
				GCC_C_LANGUAGE_STANDARD = gnu99;
				GCC_NO_COMMON_BLOCKS = YES;
				GCC_WARN_64_TO_32_BIT_CONVERSION = YES;
				GCC_WARN_ABOUT_RETURN_TYPE = YES_ERROR;
				GCC_WARN_UNDECLARED_SELECTOR = YES;
				GCC_WARN_UNINITIALIZED_AUTOS = YES_AGGRESSIVE;
				GCC_WARN_UNUSED_FUNCTION = YES;
				GCC_WARN_UNUSED_VARIABLE = YES;
				IPHONEOS_DEPLOYMENT_TARGET = 10.3;
				MTL_ENABLE_DEBUG_INFO = NO;
				SDKROOT = iphoneos;
				VALIDATE_PRODUCT = YES;
			};
			name = Release;
		};
		779D53341F36999000E1AFF9 /* Debug */ = {
			isa = XCBuildConfiguration;
			baseConfigurationReference = 623ECCD3AB2FBFD142426AED /* Pods-HKPuzzleExperiment.debug.xcconfig */;
			buildSettings = {
				ASSETCATALOG_COMPILER_APPICON_NAME = AppIcon;
				DEVELOPMENT_TEAM = 9J4879R6KM;
				INFOPLIST_FILE = HKPuzzleExperiment/Info.plist;
				IPHONEOS_DEPLOYMENT_TARGET = 8.0;
				LD_RUNPATH_SEARCH_PATHS = "$(inherited) @executable_path/Frameworks";
				PRODUCT_BUNDLE_IDENTIFIER = com.hky.HKPuzzleExperiment;
				PRODUCT_NAME = "$(TARGET_NAME)";
			};
			name = Debug;
		};
		779D53351F36999000E1AFF9 /* Release */ = {
			isa = XCBuildConfiguration;
			baseConfigurationReference = 87007B643EB5CA3E4AF25335 /* Pods-HKPuzzleExperiment.release.xcconfig */;
			buildSettings = {
				ASSETCATALOG_COMPILER_APPICON_NAME = AppIcon;
				DEVELOPMENT_TEAM = 9J4879R6KM;
				INFOPLIST_FILE = HKPuzzleExperiment/Info.plist;
				IPHONEOS_DEPLOYMENT_TARGET = 8.0;
				LD_RUNPATH_SEARCH_PATHS = "$(inherited) @executable_path/Frameworks";
				PRODUCT_BUNDLE_IDENTIFIER = com.hky.HKPuzzleExperiment;
				PRODUCT_NAME = "$(TARGET_NAME)";
			};
			name = Release;
		};
		779D53371F36999000E1AFF9 /* Debug */ = {
			isa = XCBuildConfiguration;
			buildSettings = {
				BUNDLE_LOADER = "$(TEST_HOST)";
				DEVELOPMENT_TEAM = 9J4879R6KM;
				INFOPLIST_FILE = HKPuzzleExperimentTests/Info.plist;
				LD_RUNPATH_SEARCH_PATHS = "$(inherited) @executable_path/Frameworks @loader_path/Frameworks";
				PRODUCT_BUNDLE_IDENTIFIER = com.hky.HKPuzzleExperimentTests;
				PRODUCT_NAME = "$(TARGET_NAME)";
				TEST_HOST = "$(BUILT_PRODUCTS_DIR)/HKPuzzleExperiment.app/HKPuzzleExperiment";
			};
			name = Debug;
		};
		779D53381F36999000E1AFF9 /* Release */ = {
			isa = XCBuildConfiguration;
			buildSettings = {
				BUNDLE_LOADER = "$(TEST_HOST)";
				DEVELOPMENT_TEAM = 9J4879R6KM;
				INFOPLIST_FILE = HKPuzzleExperimentTests/Info.plist;
				LD_RUNPATH_SEARCH_PATHS = "$(inherited) @executable_path/Frameworks @loader_path/Frameworks";
				PRODUCT_BUNDLE_IDENTIFIER = com.hky.HKPuzzleExperimentTests;
				PRODUCT_NAME = "$(TARGET_NAME)";
				TEST_HOST = "$(BUILT_PRODUCTS_DIR)/HKPuzzleExperiment.app/HKPuzzleExperiment";
			};
			name = Release;
		};
		779D533A1F36999000E1AFF9 /* Debug */ = {
			isa = XCBuildConfiguration;
			buildSettings = {
				DEVELOPMENT_TEAM = 9J4879R6KM;
				INFOPLIST_FILE = HKPuzzleExperimentUITests/Info.plist;
				LD_RUNPATH_SEARCH_PATHS = "$(inherited) @executable_path/Frameworks @loader_path/Frameworks";
				PRODUCT_BUNDLE_IDENTIFIER = com.hky.HKPuzzleExperimentUITests;
				PRODUCT_NAME = "$(TARGET_NAME)";
				TEST_TARGET_NAME = HKPuzzleExperiment;
			};
			name = Debug;
		};
		779D533B1F36999000E1AFF9 /* Release */ = {
			isa = XCBuildConfiguration;
			buildSettings = {
				DEVELOPMENT_TEAM = 9J4879R6KM;
				INFOPLIST_FILE = HKPuzzleExperimentUITests/Info.plist;
				LD_RUNPATH_SEARCH_PATHS = "$(inherited) @executable_path/Frameworks @loader_path/Frameworks";
				PRODUCT_BUNDLE_IDENTIFIER = com.hky.HKPuzzleExperimentUITests;
				PRODUCT_NAME = "$(TARGET_NAME)";
				TEST_TARGET_NAME = HKPuzzleExperiment;
			};
			name = Release;
		};
/* End XCBuildConfiguration section */

/* Begin XCConfigurationList section */
		779D53011F36999000E1AFF9 /* Build configuration list for PBXProject "HKPuzzleExperiment" */ = {
			isa = XCConfigurationList;
			buildConfigurations = (
				779D53311F36999000E1AFF9 /* Debug */,
				779D53321F36999000E1AFF9 /* Release */,
			);
			defaultConfigurationIsVisible = 0;
			defaultConfigurationName = Release;
		};
		779D53331F36999000E1AFF9 /* Build configuration list for PBXNativeTarget "HKPuzzleExperiment" */ = {
			isa = XCConfigurationList;
			buildConfigurations = (
				779D53341F36999000E1AFF9 /* Debug */,
				779D53351F36999000E1AFF9 /* Release */,
			);
			defaultConfigurationIsVisible = 0;
			defaultConfigurationName = Release;
		};
		779D53361F36999000E1AFF9 /* Build configuration list for PBXNativeTarget "HKPuzzleExperimentTests" */ = {
			isa = XCConfigurationList;
			buildConfigurations = (
				779D53371F36999000E1AFF9 /* Debug */,
				779D53381F36999000E1AFF9 /* Release */,
			);
			defaultConfigurationIsVisible = 0;
			defaultConfigurationName = Release;
		};
		779D53391F36999000E1AFF9 /* Build configuration list for PBXNativeTarget "HKPuzzleExperimentUITests" */ = {
			isa = XCConfigurationList;
			buildConfigurations = (
				779D533A1F36999000E1AFF9 /* Debug */,
				779D533B1F36999000E1AFF9 /* Release */,
			);
			defaultConfigurationIsVisible = 0;
			defaultConfigurationName = Release;
		};
/* End XCConfigurationList section */
	};
	rootObject = 779D52FE1F36999000E1AFF9 /* Project object */;
}
